
Microsoft Visual Studio Solution File, Format Version 12.00
# Visual Studio Version 16
VisualStudioVersion = 16.0.32413.511
MinimumVisualStudioVersion = 10.0.40219.1
Project("{2150E333-8FDC-42A3-9474-1A3956D46DE8}") = "src", "src", "{F230800A-6A35-4BB4-A165-AEB58E81569D}"
EndProject
Project("{2150E333-8FDC-42A3-9474-1A3956D46DE8}") = "tests", "tests", "{0EAB6CB9-09DB-4F74-8BD9-619D5A29ABEC}"
EndProject
Project("{9A19103F-16F7-4668-BE54-9A1E7A4F7556}") = "Application", "src\Application\Application.csproj", "{C3198FE4-211C-4612-A183-209CD0DCCBAD}"
EndProject
Project("{9A19103F-16F7-4668-BE54-9A1E7A4F7556}") = "Domain", "src\Domain\Domain.csproj", "{A8D3D4F9-AE10-4C07-BBEA-3D5B9EC974A0}"
EndProject
Project("{9A19103F-16F7-4668-BE54-9A1E7A4F7556}") = "Infrastructure", "src\Infrastructure\Infrastructure.csproj", "{97D13474-DAC9-43E3-81B6-8E5028B3DEB8}"
EndProject
Project("{9A19103F-16F7-4668-BE54-9A1E7A4F7556}") = "API", "src\API\API.csproj", "{44ABADF0-7B1F-4306-A342-4CA2B9E77A44}"
EndProject
Project("{FAE04EC0-301F-11D3-BF4B-00C04F79EFBC}") = "Application.UnitTests", "tests\Application.UnitTests\Application.UnitTests.csproj", "{2CA8BEF5-B3C0-484A-A6A6-F85A2DDF20F7}"
EndProject
Global
	GlobalSection(SolutionConfigurationPlatforms) = preSolution
		Debug|Any CPU = Debug|Any CPU
		Release|Any CPU = Release|Any CPU
	EndGlobalSection
	GlobalSection(ProjectConfigurationPlatforms) = postSolution
		{C3198FE4-211C-4612-A183-209CD0DCCBAD}.Debug|Any CPU.ActiveCfg = Debug|Any CPU
		{C3198FE4-211C-4612-A183-209CD0DCCBAD}.Debug|Any CPU.Build.0 = Debug|Any CPU
		{C3198FE4-211C-4612-A183-209CD0DCCBAD}.Release|Any CPU.ActiveCfg = Release|Any CPU
		{C3198FE4-211C-4612-A183-209CD0DCCBAD}.Release|Any CPU.Build.0 = Release|Any CPU
		{A8D3D4F9-AE10-4C07-BBEA-3D5B9EC974A0}.Debug|Any CPU.ActiveCfg = Debug|Any CPU
		{A8D3D4F9-AE10-4C07-BBEA-3D5B9EC974A0}.Debug|Any CPU.Build.0 = Debug|Any CPU
		{A8D3D4F9-AE10-4C07-BBEA-3D5B9EC974A0}.Release|Any CPU.ActiveCfg = Release|Any CPU
		{A8D3D4F9-AE10-4C07-BBEA-3D5B9EC974A0}.Release|Any CPU.Build.0 = Release|Any CPU
		{97D13474-DAC9-43E3-81B6-8E5028B3DEB8}.Debug|Any CPU.ActiveCfg = Debug|Any CPU
		{97D13474-DAC9-43E3-81B6-8E5028B3DEB8}.Debug|Any CPU.Build.0 = Debug|Any CPU
		{97D13474-DAC9-43E3-81B6-8E5028B3DEB8}.Release|Any CPU.ActiveCfg = Release|Any CPU
		{97D13474-DAC9-43E3-81B6-8E5028B3DEB8}.Release|Any CPU.Build.0 = Release|Any CPU
		{44ABADF0-7B1F-4306-A342-4CA2B9E77A44}.Debug|Any CPU.ActiveCfg = Debug|Any CPU
		{44ABADF0-7B1F-4306-A342-4CA2B9E77A44}.Debug|Any CPU.Build.0 = Debug|Any CPU
		{44ABADF0-7B1F-4306-A342-4CA2B9E77A44}.Release|Any CPU.ActiveCfg = Release|Any CPU
		{44ABADF0-7B1F-4306-A342-4CA2B9E77A44}.Release|Any CPU.Build.0 = Release|Any CPU
		{2CA8BEF5-B3C0-484A-A6A6-F85A2DDF20F7}.Debug|Any CPU.ActiveCfg = Debug|Any CPU
		{2CA8BEF5-B3C0-484A-A6A6-F85A2DDF20F7}.Debug|Any CPU.Build.0 = Debug|Any CPU
		{2CA8BEF5-B3C0-484A-A6A6-F85A2DDF20F7}.Release|Any CPU.ActiveCfg = Release|Any CPU
		{2CA8BEF5-B3C0-484A-A6A6-F85A2DDF20F7}.Release|Any CPU.Build.0 = Release|Any CPU
	EndGlobalSection
	GlobalSection(SolutionProperties) = preSolution
		HideSolutionNode = FALSE
	EndGlobalSection
	GlobalSection(NestedProjects) = preSolution
		{C3198FE4-211C-4612-A183-209CD0DCCBAD} = {F230800A-6A35-4BB4-A165-AEB58E81569D}
		{A8D3D4F9-AE10-4C07-BBEA-3D5B9EC974A0} = {F230800A-6A35-4BB4-A165-AEB58E81569D}
		{97D13474-DAC9-43E3-81B6-8E5028B3DEB8} = {F230800A-6A35-4BB4-A165-AEB58E81569D}
		{44ABADF0-7B1F-4306-A342-4CA2B9E77A44} = {F230800A-6A35-4BB4-A165-AEB58E81569D}
		{2CA8BEF5-B3C0-484A-A6A6-F85A2DDF20F7} = {0EAB6CB9-09DB-4F74-8BD9-619D5A29ABEC}
	EndGlobalSection
	GlobalSection(ExtensibilityGlobals) = postSolution
		SolutionGuid = {4F598476-A014-4A88-9A16-590D9CE63E79}
	EndGlobalSection
EndGlobal
